// !$*UTF8*$!
{
	archiveVersion = 1;
	classes = {
	};
	objectVersion = 50;
	objects = {

/* Begin PBXBuildFile section */
		97A8EAF622A97AD800EED91A /* AppDelegate.swift in Sources */ = {isa = PBXBuildFile; fileRef = 97A8EAF522A97AD800EED91A /* AppDelegate.swift */; };
		97A8EAF822A97AD800EED91A /* ViewController.swift in Sources */ = {isa = PBXBuildFile; fileRef = 97A8EAF722A97AD800EED91A /* ViewController.swift */; };
		97A8EAFD22A97ADC00EED91A /* Assets.xcassets in Resources */ = {isa = PBXBuildFile; fileRef = 97A8EAFC22A97ADC00EED91A /* Assets.xcassets */; };
		97A8EB0022A97ADC00EED91A /* LaunchScreen.storyboard in Resources */ = {isa = PBXBuildFile; fileRef = 97A8EAFE22A97ADC00EED91A /* LaunchScreen.storyboard */; };
		97A8EB0922A982D900EED91A /* CatalogPresenter.swift in Sources */ = {isa = PBXBuildFile; fileRef = 97A8EB0822A982D900EED91A /* CatalogPresenter.swift */; };
		97A8EB0B22A9838800EED91A /* CatalogInteractor.swift in Sources */ = {isa = PBXBuildFile; fileRef = 97A8EB0A22A9838800EED91A /* CatalogInteractor.swift */; };
		97A8EB0D22A9840800EED91A /* CatalogViewController.swift in Sources */ = {isa = PBXBuildFile; fileRef = 97A8EB0C22A9840800EED91A /* CatalogViewController.swift */; };
		97A8EB0F22A9850100EED91A /* ModuleBuilder.swift in Sources */ = {isa = PBXBuildFile; fileRef = 97A8EB0E22A9850100EED91A /* ModuleBuilder.swift */; };
		97A8EB1122A9854800EED91A /* CatalogBuilder.swift in Sources */ = {isa = PBXBuildFile; fileRef = 97A8EB1022A9854800EED91A /* CatalogBuilder.swift */; };
/* End PBXBuildFile section */

/* Begin PBXFileReference section */
		97A8EAF222A97AD800EED91A /* Builder.app */ = {isa = PBXFileReference; explicitFileType = wrapper.application; includeInIndex = 0; path = Builder.app; sourceTree = BUILT_PRODUCTS_DIR; };
		97A8EAF522A97AD800EED91A /* AppDelegate.swift */ = {isa = PBXFileReference; lastKnownFileType = sourcecode.swift; path = AppDelegate.swift; sourceTree = "<group>"; };
		97A8EAF722A97AD800EED91A /* ViewController.swift */ = {isa = PBXFileReference; lastKnownFileType = sourcecode.swift; path = ViewController.swift; sourceTree = "<group>"; };
		97A8EAFC22A97ADC00EED91A /* Assets.xcassets */ = {isa = PBXFileReference; lastKnownFileType = folder.assetcatalog; path = Assets.xcassets; sourceTree = "<group>"; };
		97A8EAFF22A97ADC00EED91A /* Base */ = {isa = PBXFileReference; lastKnownFileType = file.storyboard; name = Base; path = Base.lproj/LaunchScreen.storyboard; sourceTree = "<group>"; };
		97A8EB0122A97ADC00EED91A /* Info.plist */ = {isa = PBXFileReference; lastKnownFileType = text.plist.xml; path = Info.plist; sourceTree = "<group>"; };
		97A8EB0822A982D900EED91A /* CatalogPresenter.swift */ = {isa = PBXFileReference; lastKnownFileType = sourcecode.swift; path = CatalogPresenter.swift; sourceTree = "<group>"; };
		97A8EB0A22A9838800EED91A /* CatalogInteractor.swift */ = {isa = PBXFileReference; lastKnownFileType = sourcecode.swift; path = CatalogInteractor.swift; sourceTree = "<group>"; };
		97A8EB0C22A9840800EED91A /* CatalogViewController.swift */ = {isa = PBXFileReference; lastKnownFileType = sourcecode.swift; path = CatalogViewController.swift; sourceTree = "<group>"; };
		97A8EB0E22A9850100EED91A /* ModuleBuilder.swift */ = {isa = PBXFileReference; lastKnownFileType = sourcecode.swift; path = ModuleBuilder.swift; sourceTree = "<group>"; };
		97A8EB1022A9854800EED91A /* CatalogBuilder.swift */ = {isa = PBXFileReference; lastKnownFileType = sourcecode.swift; path = CatalogBuilder.swift; sourceTree = "<group>"; };
/* End PBXFileReference section */

/* Begin PBXFrameworksBuildPhase section */
		97A8EAEF22A97AD800EED91A /* Frameworks */ = {
			isa = PBXFrameworksBuildPhase;
			buildActionMask = 2147483647;
			files = (
			);
			runOnlyForDeploymentPostprocessing = 0;
		};
/* End PBXFrameworksBuildPhase section */

/* Begin PBXGroup section */
		97A8EAE922A97AD800EED91A = {
			isa = PBXGroup;
			children = (
				97A8EAF422A97AD800EED91A /* Builder */,
				97A8EAF322A97AD800EED91A /* Products */,
			);
			sourceTree = "<group>";
		};
		97A8EAF322A97AD800EED91A /* Products */ = {
			isa = PBXGroup;
			children = (
				97A8EAF222A97AD800EED91A /* Builder.app */,
			);
			name = Products;
			sourceTree = "<group>";
		};
		97A8EAF422A97AD800EED91A /* Builder */ = {
			isa = PBXGroup;
			children = (
				97A8EAF522A97AD800EED91A /* AppDelegate.swift */,
				97A8EB0722A982B000EED91A /* Catalog */,
				97A8EAF722A97AD800EED91A /* ViewController.swift */,
				97A8EB0E22A9850100EED91A /* ModuleBuilder.swift */,
				97A8EAFC22A97ADC00EED91A /* Assets.xcassets */,
				97A8EAFE22A97ADC00EED91A /* LaunchScreen.storyboard */,
				97A8EB0122A97ADC00EED91A /* Info.plist */,
			);
			path = Builder;
			sourceTree = "<group>";
		};
		97A8EB0722A982B000EED91A /* Catalog */ = {
			isa = PBXGroup;
			children = (
				97A8EB0822A982D900EED91A /* CatalogPresenter.swift */,
				97A8EB0A22A9838800EED91A /* CatalogInteractor.swift */,
				97A8EB1022A9854800EED91A /* CatalogBuilder.swift */,
				97A8EB0C22A9840800EED91A /* CatalogViewController.swift */,
			);
			path = Catalog;
			sourceTree = "<group>";
		};
/* End PBXGroup section */

/* Begin PBXNativeTarget section */
		97A8EAF122A97AD800EED91A /* Builder */ = {
			isa = PBXNativeTarget;
			buildConfigurationList = 97A8EB0422A97ADC00EED91A /* Build configuration list for PBXNativeTarget "Builder" */;
			buildPhases = (
				97A8EAEE22A97AD800EED91A /* Sources */,
				97A8EAEF22A97AD800EED91A /* Frameworks */,
				97A8EAF022A97AD800EED91A /* Resources */,
			);
			buildRules = (
			);
			dependencies = (
			);
			name = Builder;
			productName = Builder;
			productReference = 97A8EAF222A97AD800EED91A /* Builder.app */;
			productType = "com.apple.product-type.application";
		};
/* End PBXNativeTarget section */

/* Begin PBXProject section */
		97A8EAEA22A97AD800EED91A /* Project object */ = {
			isa = PBXProject;
			attributes = {
				LastSwiftUpdateCheck = 1020;
				LastUpgradeCheck = 1020;
				ORGANIZATIONNAME = "Максим Вильданов";
				TargetAttributes = {
					97A8EAF122A97AD800EED91A = {
						CreatedOnToolsVersion = 10.2.1;
					};
				};
			};
			buildConfigurationList = 97A8EAED22A97AD800EED91A /* Build configuration list for PBXProject "Builder" */;
			compatibilityVersion = "Xcode 9.3";
			developmentRegion = en;
			hasScannedForEncodings = 0;
			knownRegions = (
				en,
				Base,
			);
			mainGroup = 97A8EAE922A97AD800EED91A;
			productRefGroup = 97A8EAF322A97AD800EED91A /* Products */;
			projectDirPath = "";
			projectRoot = "";
			targets = (
				97A8EAF122A97AD800EED91A /* Builder */,
			);
		};
/* End PBXProject section */

/* Begin PBXResourcesBuildPhase section */
		97A8EAF022A97AD800EED91A /* Resources */ = {
			isa = PBXResourcesBuildPhase;
			buildActionMask = 2147483647;
			files = (
				97A8EB0022A97ADC00EED91A /* LaunchScreen.storyboard in Resources */,
				97A8EAFD22A97ADC00EED91A /* Assets.xcassets in Resources */,
			);
			runOnlyForDeploymentPostprocessing = 0;
		};
/* End PBXResourcesBuildPhase section */

/* Begin PBXSourcesBuildPhase section */
		97A8EAEE22A97AD800EED91A /* Sources */ = {
			isa = PBXSourcesBuildPhase;
			buildActionMask = 2147483647;
			files = (
				97A8EB0D22A9840800EED91A /* CatalogViewController.swift in Sources */,
				97A8EB0B22A9838800EED91A /* CatalogInteractor.swift in Sources */,
				97A8EAF822A97AD800EED91A /* ViewController.swift in Sources */,
				97A8EAF622A97AD800EED91A /* AppDelegate.swift in Sources */,
				97A8EB0922A982D900EED91A /* CatalogPresenter.swift in Sources */,
				97A8EB1122A9854800EED91A /* CatalogBuilder.swift in Sources */,
				97A8EB0F22A9850100EED91A /* ModuleBuilder.swift in Sources */,
			);
			runOnlyForDeploymentPostprocessing = 0;
		};
/* End PBXSourcesBuildPhase section */

/* Begin PBXVariantGroup section */
		97A8EAFE22A97ADC00EED91A /* LaunchScreen.storyboard */ = {
			isa = PBXVariantGroup;
			children = (
				97A8EAFF22A97ADC00EED91A /* Base */,
			);
			name = LaunchScreen.storyboard;
			sourceTree = "<group>";
		};
/* End PBXVariantGroup section */

/* Begin XCBuildConfiguration section */
		97A8EB0222A97ADC00EED91A /* Debug */ = {
			isa = XCBuildConfiguration;
			buildSettings = {
				ALWAYS_SEARCH_USER_PATHS = NO;
				CLANG_ANALYZER_NONNULL = YES;
				CLANG_ANALYZER_NUMBER_OBJECT_CONVERSION = YES_AGGRESSIVE;
				CLANG_CXX_LANGUAGE_STANDARD = "gnu++14";
				CLANG_CXX_LIBRARY = "libc++";
				CLANG_ENABLE_MODULES = YES;
				CLANG_ENABLE_OBJC_ARC = YES;
				CLANG_ENABLE_OBJC_WEAK = YES;
				CLANG_WARN_BLOCK_CAPTURE_AUTORELEASING = YES;
				CLANG_WARN_BOOL_CONVERSION = YES;
				CLANG_WARN_COMMA = YES;
				CLANG_WARN_CONSTANT_CONVERSION = YES;
				CLANG_WARN_DEPRECATED_OBJC_IMPLEMENTATIONS = YES;
				CLANG_WARN_DIRECT_OBJC_ISA_USAGE = YES_ERROR;
				CLANG_WARN_DOCUMENTATION_COMMENTS = YES;
				CLANG_WARN_EMPTY_BODY = YES;
				CLANG_WARN_ENUM_CONVERSION = YES;
				CLANG_WARN_INFINITE_RECURSION = YES;
				CLANG_WARN_INT_CONVERSION = YES;
				CLANG_WARN_NON_LITERAL_NULL_CONVERSION = YES;
				CLANG_WARN_OBJC_IMPLICIT_RETAIN_SELF = YES;
				CLANG_WARN_OBJC_LITERAL_CONVERSION = YES;
				CLANG_WARN_OBJC_ROOT_CLASS = YES_ERROR;
				CLANG_WARN_RANGE_LOOP_ANALYSIS = YES;
				CLANG_WARN_STRICT_PROTOTYPES = YES;
				CLANG_WARN_SUSPICIOUS_MOVE = YES;
				CLANG_WARN_UNGUARDED_AVAILABILITY = YES_AGGRESSIVE;
				CLANG_WARN_UNREACHABLE_CODE = YES;
				CLANG_WARN__DUPLICATE_METHOD_MATCH = YES;
				CODE_SIGN_IDENTITY = "iPhone Developer";
				COPY_PHASE_STRIP = NO;
				DEBUG_INFORMATION_FORMAT = dwarf;
				ENABLE_STRICT_OBJC_MSGSEND = YES;
				ENABLE_TESTABILITY = YES;
				GCC_C_LANGUAGE_STANDARD = gnu11;
				GCC_DYNAMIC_NO_PIC = NO;
				GCC_NO_COMMON_BLOCKS = YES;
				GCC_OPTIMIZATION_LEVEL = 0;
				GCC_PREPROCESSOR_DEFINITIONS = (
					"DEBUG=1",
					"$(inherited)",
				);
				GCC_WARN_64_TO_32_BIT_CONVERSION = YES;
				GCC_WARN_ABOUT_RETURN_TYPE = YES_ERROR;
				GCC_WARN_UNDECLARED_SELECTOR = YES;
				GCC_WARN_UNINITIALIZED_AUTOS = YES_AGGRESSIVE;
				GCC_WARN_UNUSED_FUNCTION = YES;
				GCC_WARN_UNUSED_VARIABLE = YES;
				IPHONEOS_DEPLOYMENT_TARGET = 12.2;
				MTL_ENABLE_DEBUG_INFO = INCLUDE_SOURCE;
				MTL_FAST_MATH = YES;
				ONLY_ACTIVE_ARCH = YES;
				SDKROOT = iphoneos;
				SWIFT_ACTIVE_COMPILATION_CONDITIONS = DEBUG;
				SWIFT_OPTIMIZATION_LEVEL = "-Onone";
			};
			name = Debug;
		};
		97A8EB0322A97ADC00EED91A /* Release */ = {
			isa = XCBuildConfiguration;
			buildSettings = {
				ALWAYS_SEARCH_USER_PATHS = NO;
				CLANG_ANALYZER_NONNULL = YES;
				CLANG_ANALYZER_NUMBER_OBJECT_CONVERSION = YES_AGGRESSIVE;
				CLANG_CXX_LANGUAGE_STANDARD = "gnu++14";
				CLANG_CXX_LIBRARY = "libc++";
				CLANG_ENABLE_MODULES = YES;
				CLANG_ENABLE_OBJC_ARC = YES;
				CLANG_ENABLE_OBJC_WEAK = YES;
				CLANG_WARN_BLOCK_CAPTURE_AUTORELEASING = YES;
				CLANG_WARN_BOOL_CONVERSION = YES;
				CLANG_WARN_COMMA = YES;
				CLANG_WARN_CONSTANT_CONVERSION = YES;
				CLANG_WARN_DEPRECATED_OBJC_IMPLEMENTATIONS = YES;
				CLANG_WARN_DIRECT_OBJC_ISA_USAGE = YES_ERROR;
				CLANG_WARN_DOCUMENTATION_COMMENTS = YES;
				CLANG_WARN_EMPTY_BODY = YES;
				CLANG_WARN_ENUM_CONVERSION = YES;
				CLANG_WARN_INFINITE_RECURSION = YES;
				CLANG_WARN_INT_CONVERSION = YES;
				CLANG_WARN_NON_LITERAL_NULL_CONVERSION = YES;
				CLANG_WARN_OBJC_IMPLICIT_RETAIN_SELF = YES;
				CLANG_WARN_OBJC_LITERAL_CONVERSION = YES;
				CLANG_WARN_OBJC_ROOT_CLASS = YES_ERROR;
				CLANG_WARN_RANGE_LOOP_ANALYSIS = YES;
				CLANG_WARN_STRICT_PROTOTYPES = YES;
				CLANG_WARN_SUSPICIOUS_MOVE = YES;
				CLANG_WARN_UNGUARDED_AVAILABILITY = YES_AGGRESSIVE;
				CLANG_WARN_UNREACHABLE_CODE = YES;
				CLANG_WARN__DUPLICATE_METHOD_MATCH = YES;
				CODE_SIGN_IDENTITY = "iPhone Developer";
				COPY_PHASE_STRIP = NO;
				DEBUG_INFORMATION_FORMAT = "dwarf-with-dsym";
				ENABLE_NS_ASSERTIONS = NO;
				ENABLE_STRICT_OBJC_MSGSEND = YES;
				GCC_C_LANGUAGE_STANDARD = gnu11;
				GCC_NO_COMMON_BLOCKS = YES;
				GCC_WARN_64_TO_32_BIT_CONVERSION = YES;
				GCC_WARN_ABOUT_RETURN_TYPE = YES_ERROR;
				GCC_WARN_UNDECLARED_SELECTOR = YES;
				GCC_WARN_UNINITIALIZED_AUTOS = YES_AGGRESSIVE;
				GCC_WARN_UNUSED_FUNCTION = YES;
				GCC_WARN_UNUSED_VARIABLE = YES;
				IPHONEOS_DEPLOYMENT_TARGET = 12.2;
				MTL_ENABLE_DEBUG_INFO = NO;
				MTL_FAST_MATH = YES;
				SDKROOT = iphoneos;
				SWIFT_COMPILATION_MODE = wholemodule;
				SWIFT_OPTIMIZATION_LEVEL = "-O";
				VALIDATE_PRODUCT = YES;
			};
			name = Release;
		};
		97A8EB0522A97ADC00EED91A /* Debug */ = {
			isa = XCBuildConfiguration;
			buildSettings = {
				ASSETCATALOG_COMPILER_APPICON_NAME = AppIcon;
				CODE_SIGN_STYLE = Automatic;
				DEVELOPMENT_TEAM = 7BCN3D7ZLJ;
				INFOPLIST_FILE = Builder/Info.plist;
				LD_RUNPATH_SEARCH_PATHS = (
					"$(inherited)",
					"@executable_path/Frameworks",
				);
				PRODUCT_BUNDLE_IDENTIFIER = "-.Builder";
				PRODUCT_NAME = "$(TARGET_NAME)";
				SWIFT_VERSION = 5.0;
				TARGETED_DEVICE_FAMILY = "1,2";
			};
			name = Debug;
		};
		97A8EB0622A97ADC00EED91A /* Release */ = {
			isa = XCBuildConfiguration;
			buildSettings = {
				ASSETCATALOG_COMPILER_APPICON_NAME = AppIcon;
				CODE_SIGN_STYLE = Automatic;
				DEVELOPMENT_TEAM = 7BCN3D7ZLJ;
				INFOPLIST_FILE = Builder/Info.plist;
				LD_RUNPATH_SEARCH_PATHS = (
					"$(inherited)",
					"@executable_path/Frameworks",
				);
				PRODUCT_BUNDLE_IDENTIFIER = "-.Builder";
				PRODUCT_NAME = "$(TARGET_NAME)";
				SWIFT_VERSION = 5.0;
				TARGETED_DEVICE_FAMILY = "1,2";
			};
			name = Release;
		};
/* End XCBuildConfiguration section */

/* Begin XCConfigurationList section */
		97A8EAED22A97AD800EED91A /* Build configuration list for PBXProject "Builder" */ = {
			isa = XCConfigurationList;
			buildConfigurations = (
				97A8EB0222A97ADC00EED91A /* Debug */,
				97A8EB0322A97ADC00EED91A /* Release */,
			);
			defaultConfigurationIsVisible = 0;
			defaultConfigurationName = Release;
		};
		97A8EB0422A97ADC00EED91A /* Build configuration list for PBXNativeTarget "Builder" */ = {
			isa = XCConfigurationList;
			buildConfigurations = (
				97A8EB0522A97ADC00EED91A /* Debug */,
				97A8EB0622A97ADC00EED91A /* Release */,
			);
			defaultConfigurationIsVisible = 0;
			defaultConfigurationName = Release;
		};
/* End XCConfigurationList section */
	};
	rootObject = 97A8EAEA22A97AD800EED91A /* Project object */;
}
